
Microsoft Visual Studio Solution File, Format Version 12.00
# Visual Studio Version 17
VisualStudioVersion = 17.14.36121.58 d17.14
MinimumVisualStudioVersion = 10.0.40219.1
Project("{FAE04EC0-301F-11D3-BF4B-00C04F79EFBC}") = "MauiAppHotel", "MauiAppHotel\MauiAppHotel.csproj", "{5BBC3C04-910C-43FF-AC1D-44106DEC3C4B}"
EndProject
Global
	GlobalSection(SolutionConfigurationPlatforms) = preSolution
		Debug|Any CPU = Debug|Any CPU
		Release|Any CPU = Release|Any CPU
	EndGlobalSection
	GlobalSection(ProjectConfigurationPlatforms) = postSolution
		{5BBC3C04-910C-43FF-AC1D-44106DEC3C4B}.Debug|Any CPU.ActiveCfg = Debug|Any CPU
		{5BBC3C04-910C-43FF-AC1D-44106DEC3C4B}.Debug|Any CPU.Build.0 = Debug|Any CPU
		{5BBC3C04-910C-43FF-AC1D-44106DEC3C4B}.Debug|Any CPU.Deploy.0 = Debug|Any CPU
		{5BBC3C04-910C-43FF-AC1D-44106DEC3C4B}.Release|Any CPU.ActiveCfg = Release|Any CPU
		{5BBC3C04-910C-43FF-AC1D-44106DEC3C4B}.Release|Any CPU.Build.0 = Release|Any CPU
		{5BBC3C04-910C-43FF-AC1D-44106DEC3C4B}.Release|Any CPU.Deploy.0 = Release|Any CPU
	EndGlobalSection
	GlobalSection(SolutionProperties) = preSolution
		HideSolutionNode = FALSE
	EndGlobalSection
	GlobalSection(ExtensibilityGlobals) = postSolution
		SolutionGuid = {AF8F335A-0D0D-4ACB-A41A-E8D4CFEC1800}
	EndGlobalSection
EndGlobal
